
Microsoft Visual Studio Solution File, Format Version 12.00
# Visual Studio 2012
Project("{FAE04EC0-301F-11D3-BF4B-00C04F79EFBC}") = "wk3", "wk3\wk3.csproj", "{D7C31DDB-BF42-4793-8131-25177D2E7B00}"
EndProject
Global
	GlobalSection(SolutionConfigurationPlatforms) = preSolution
		Debug|iPhoneSimulator = Debug|iPhoneSimulator
		Release|iPhone = Release|iPhone
		Release|iPhoneSimulator = Release|iPhoneSimulator
		Debug|iPhone = Debug|iPhone
	EndGlobalSection
	GlobalSection(ProjectConfigurationPlatforms) = postSolution
		{D7C31DDB-BF42-4793-8131-25177D2E7B00}.Debug|iPhoneSimulator.ActiveCfg = Debug|iPhoneSimulator
		{D7C31DDB-BF42-4793-8131-25177D2E7B00}.Debug|iPhoneSimulator.Build.0 = Debug|iPhoneSimulator
		{D7C31DDB-BF42-4793-8131-25177D2E7B00}.Release|iPhone.ActiveCfg = Release|iPhone
		{D7C31DDB-BF42-4793-8131-25177D2E7B00}.Release|iPhone.Build.0 = Release|iPhone
		{D7C31DDB-BF42-4793-8131-25177D2E7B00}.Release|iPhoneSimulator.ActiveCfg = Release|iPhoneSimulator
		{D7C31DDB-BF42-4793-8131-25177D2E7B00}.Release|iPhoneSimulator.Build.0 = Release|iPhoneSimulator
		{D7C31DDB-BF42-4793-8131-25177D2E7B00}.Debug|iPhone.ActiveCfg = Debug|iPhone
		{D7C31DDB-BF42-4793-8131-25177D2E7B00}.Debug|iPhone.Build.0 = Debug|iPhone
	EndGlobalSection
EndGlobal
